<?xml version="1.0" encoding="utf-8"?>
<Project ToolsVersion="4.0" xmlns="http://schemas.microsoft.com/developer/msbuild/2003">
  <ItemGroup>
    <Filter Include="소스 파일">
      <UniqueIdentifier>{4FC737F1-C7A5-4376-A066-2A32D752A2FF}</UniqueIdentifier>
      <Extensions>cpp;c;cc;cxx;c++;cppm;ixx;def;odl;idl;hpj;bat;asm;asmx</Extensions>
    </Filter>
    <Filter Include="헤더 파일">
      <UniqueIdentifier>{93995380-89BD-4b04-88EB-625FBE52EBFB}</UniqueIdentifier>
      <Extensions>h;hh;hpp;hxx;h++;hm;inl;inc;ipp;xsd</Extensions>
    </Filter>
    <Filter Include="리소스 파일">
      <UniqueIdentifier>{67DA6AB6-F800-4c08-8B7A-83BB121AAD01}</UniqueIdentifier>
      <Extensions>rc;ico;cur;bmp;dlg;rc2;rct;bin;rgs;gif;jpg;jpeg;jpe;resx;tiff;tif;png;wav;mfcribbon-ms</Extensions>
    </Filter>
    <Filter Include="헤더 파일\Mechanic">
      <UniqueIdentifier>{e34ee06c-5ba3-4b95-be96-3073e25c58b6}</UniqueIdentifier>
    </Filter>
    <Filter Include="소스 파일\Mechanic">
      <UniqueIdentifier>{5f464d7f-ddae-4450-9e58-567f1e260fbd}</UniqueIdentifier>
    </Filter>
    <Filter Include="소스 파일\Bionic">
      <UniqueIdentifier>{b1438a1f-e553-41f9-9779-96687ffacd15}</UniqueIdentifier>
    </Filter>
    <Filter Include="헤더 파일\Bionic">
      <UniqueIdentifier>{0dc63d29-da1b-446f-84f2-d329efdc46b8}</UniqueIdentifier>
    </Filter>
    <Filter Include="헤더 파일\Computer">
      <UniqueIdentifier>{2816172e-5db6-47d2-95e6-373d52003398}</UniqueIdentifier>
    </Filter>
    <Filter Include="소스 파일\Computer">
      <UniqueIdentifier>{2ad13dd8-ace6-4f9b-93e3-133a10bcb879}</UniqueIdentifier>
    </Filter>
    <Filter Include="헤더 파일\etc">
      <UniqueIdentifier>{32d56541-14af-434e-9a04-31317f9268a3}</UniqueIdentifier>
    </Filter>
    <Filter Include="소스 파일\etc">
      <UniqueIdentifier>{e9dc8822-7d46-4a32-a65a-658d8fef0477}</UniqueIdentifier>
    </Filter>
    <Filter Include="소스 파일\Inventory">
      <UniqueIdentifier>{57c01a1a-99f9-4d58-b315-875968e2dfbb}</UniqueIdentifier>
    </Filter>
    <Filter Include="헤더 파일\Inventory">
      <UniqueIdentifier>{3e5eabf7-f097-486d-bf5f-b117dbe00d8f}</UniqueIdentifier>
    </Filter>
  </ItemGroup>
  <ItemGroup>
    <ClCompile Include="C++.cpp">
      <Filter>소스 파일</Filter>
    </ClCompile>
    <ClCompile Include="Goliath.cpp">
      <Filter>소스 파일\Mechanic</Filter>
    </ClCompile>
    <ClCompile Include="Mechanic.cpp">
      <Filter>소스 파일\Mechanic</Filter>
    </ClCompile>
    <ClCompile Include="Siege_Tank.cpp">
      <Filter>소스 파일\Mechanic</Filter>
    </ClCompile>
    <ClCompile Include="Vulture.cpp">
      <Filter>소스 파일\Mechanic</Filter>
    </ClCompile>
    <ClCompile Include="Firebat.cpp">
      <Filter>소스 파일\Bionic</Filter>
    </ClCompile>
    <ClCompile Include="Ghost.cpp">
      <Filter>소스 파일\Bionic</Filter>
    </ClCompile>
    <ClCompile Include="Marine.cpp">
      <Filter>소스 파일\Bionic</Filter>
    </ClCompile>
    <ClCompile Include="Component.cpp">
      <Filter>소스 파일\Computer</Filter>
    </ClCompile>
    <ClCompile Include="Computer.cpp">
      <Filter>소스 파일\Computer</Filter>
    </ClCompile>
    <ClCompile Include="Keyboard.cpp">
      <Filter>소스 파일\Computer</Filter>
    </ClCompile>
    <ClCompile Include="Mouse.cpp">
      <Filter>소스 파일\Computer</Filter>
    </ClCompile>
    <ClCompile Include="Camera.cpp">
      <Filter>소스 파일\etc</Filter>
    </ClCompile>
    <ClCompile Include="LinkedList.cpp">
      <Filter>소스 파일\etc</Filter>
    </ClCompile>
    <ClCompile Include="Player.cpp">
      <Filter>소스 파일\etc</Filter>
    </ClCompile>
    <ClCompile Include="Bank.cpp">
      <Filter>소스 파일\etc</Filter>
    </ClCompile>
    <ClCompile Include="InputKey.cpp">
      <Filter>소스 파일\Inventory</Filter>
    </ClCompile>
    <ClCompile Include="Inventory.cpp">
      <Filter>소스 파일\Inventory</Filter>
    </ClCompile>
    <ClCompile Include="Item.cpp">
      <Filter>소스 파일\Inventory</Filter>
    </ClCompile>
  </ItemGroup>
  <ItemGroup>
    <ClInclude Include="Goliath.h">
      <Filter>헤더 파일\Mechanic</Filter>
    </ClInclude>
    <ClInclude Include="main.h">
      <Filter>헤더 파일\Mechanic</Filter>
    </ClInclude>
    <ClInclude Include="Mechanic.h">
      <Filter>헤더 파일\Mechanic</Filter>
    </ClInclude>
    <ClInclude Include="Siege_Tank.h">
      <Filter>헤더 파일\Mechanic</Filter>
    </ClInclude>
    <ClInclude Include="Vulture.h">
      <Filter>헤더 파일\Mechanic</Filter>
    </ClInclude>
    <ClInclude Include="Firebat.h">
      <Filter>헤더 파일\Bionic</Filter>
    </ClInclude>
    <ClInclude Include="Ghost.h">
      <Filter>헤더 파일\Bionic</Filter>
    </ClInclude>
    <ClInclude Include="Marine.h">
      <Filter>헤더 파일\Bionic</Filter>
    </ClInclude>
    <ClInclude Include="Unit.h">
      <Filter>헤더 파일\Bionic</Filter>
    </ClInclude>
    <ClInclude Include="Component.h">
      <Filter>헤더 파일\Computer</Filter>
    </ClInclude>
    <ClInclude Include="Computer.h">
      <Filter>헤더 파일\Computer</Filter>
    </ClInclude>
    <ClInclude Include="Keyboard.h">
      <Filter>헤더 파일\Computer</Filter>
    </ClInclude>
    <ClInclude Include="Mouse.h">
      <Filter>헤더 파일\Computer</Filter>
    </ClInclude>
    <ClInclude Include="using_std.h">
      <Filter>헤더 파일\Computer</Filter>
    </ClInclude>
    <ClInclude Include="Bank.h">
      <Filter>헤더 파일\etc</Filter>
    </ClInclude>
    <ClInclude Include="Camera.h">
      <Filter>헤더 파일\etc</Filter>
    </ClInclude>
    <ClInclude Include="LinkedList.h">
      <Filter>헤더 파일\etc</Filter>
    </ClInclude>
    <ClInclude Include="Player.h">
      <Filter>헤더 파일\etc</Filter>
    </ClInclude>
    <ClInclude Include="InputKey.h">
      <Filter>헤더 파일\Inventory</Filter>
    </ClInclude>
    <ClInclude Include="Inventory.h">
      <Filter>헤더 파일\Inventory</Filter>
    </ClInclude>
    <ClInclude Include="Item.h">
      <Filter>헤더 파일\Inventory</Filter>
    </ClInclude>
  </ItemGroup>
</Project>