<?xml version="1.0" encoding="utf-8"?>
<Project ToolsVersion="4.0" xmlns="http://schemas.microsoft.com/developer/msbuild/2003">
  <ItemGroup>
    <Filter Include="소스 파일">
      <UniqueIdentifier>{4FC737F1-C7A5-4376-A066-2A32D752A2FF}</UniqueIdentifier>
      <Extensions>cpp;c;cc;cxx;c++;cppm;ixx;def;odl;idl;hpj;bat;asm;asmx</Extensions>
    </Filter>
    <Filter Include="헤더 파일">
      <UniqueIdentifier>{93995380-89BD-4b04-88EB-625FBE52EBFB}</UniqueIdentifier>
      <Extensions>h;hh;hpp;hxx;h++;hm;inl;inc;ipp;xsd</Extensions>
    </Filter>
    <Filter Include="리소스 파일">
      <UniqueIdentifier>{67DA6AB6-F800-4c08-8B7A-83BB121AAD01}</UniqueIdentifier>
      <Extensions>rc;ico;cur;bmp;dlg;rc2;rct;bin;rgs;gif;jpg;jpeg;jpe;resx;tiff;tif;png;wav;mfcribbon-ms</Extensions>
    </Filter>
    <Filter Include="헤더 파일\Mechanic">
      <UniqueIdentifier>{e34ee06c-5ba3-4b95-be96-3073e25c58b6}</UniqueIdentifier>
    </Filter>
    <Filter Include="소스 파일\Mechanic">
      <UniqueIdentifier>{5f464d7f-ddae-4450-9e58-567f1e260fbd}</UniqueIdentifier>
    </Filter>
    <Filter Include="소스 파일\Bionic">
      <UniqueIdentifier>{b1438a1f-e553-41f9-9779-96687ffacd15}</UniqueIdentifier>
    </Filter>
    <Filter Include="헤더 파일\Bionic">
      <UniqueIdentifier>{0dc63d29-da1b-446f-84f2-d329efdc46b8}</UniqueIdentifier>
    </Filter>
  </ItemGroup>
  <ItemGroup>
    <ClCompile Include="C++.cpp">
      <Filter>소스 파일</Filter>
    </ClCompile>
    <ClCompile Include="Camera.cpp">
      <Filter>소스 파일</Filter>
    </ClCompile>
    <ClCompile Include="Goliath.cpp">
      <Filter>소스 파일\Mechanic</Filter>
    </ClCompile>
    <ClCompile Include="Mechanic.cpp">
      <Filter>소스 파일\Mechanic</Filter>
    </ClCompile>
    <ClCompile Include="Siege_Tank.cpp">
      <Filter>소스 파일\Mechanic</Filter>
    </ClCompile>
    <ClCompile Include="Vulture.cpp">
      <Filter>소스 파일\Mechanic</Filter>
    </ClCompile>
    <ClCompile Include="Firebat.cpp">
      <Filter>소스 파일\Bionic</Filter>
    </ClCompile>
    <ClCompile Include="Ghost.cpp">
      <Filter>소스 파일\Bionic</Filter>
    </ClCompile>
    <ClCompile Include="Marine.cpp">
      <Filter>소스 파일\Bionic</Filter>
    </ClCompile>
  </ItemGroup>
  <ItemGroup>
    <ClInclude Include="Camera.h">
      <Filter>헤더 파일</Filter>
    </ClInclude>
    <ClInclude Include="Goliath.h">
      <Filter>헤더 파일\Mechanic</Filter>
    </ClInclude>
    <ClInclude Include="main.h">
      <Filter>헤더 파일\Mechanic</Filter>
    </ClInclude>
    <ClInclude Include="Mechanic.h">
      <Filter>헤더 파일\Mechanic</Filter>
    </ClInclude>
    <ClInclude Include="Siege_Tank.h">
      <Filter>헤더 파일\Mechanic</Filter>
    </ClInclude>
    <ClInclude Include="Vulture.h">
      <Filter>헤더 파일\Mechanic</Filter>
    </ClInclude>
    <ClInclude Include="Firebat.h">
      <Filter>헤더 파일\Bionic</Filter>
    </ClInclude>
    <ClInclude Include="Ghost.h">
      <Filter>헤더 파일\Bionic</Filter>
    </ClInclude>
    <ClInclude Include="Marine.h">
      <Filter>헤더 파일\Bionic</Filter>
    </ClInclude>
    <ClInclude Include="Unit.h">
      <Filter>헤더 파일\Bionic</Filter>
    </ClInclude>
  </ItemGroup>
</Project>